
Microsoft Visual Studio Solution File, Format Version 12.00
# Visual Studio Version 17
VisualStudioVersion = 17.0.31903.59
MinimumVisualStudioVersion = 10.0.40219.1
Project("{FAE04EC0-301F-11D3-BF4B-00C04F79EFBC}") = "TaskApi", "src\TaskApi\TaskApi.csproj", "{A34FC0B8-11A4-4EBE-82CA-AC89F544359D}"
EndProject
Project("{FAE04EC0-301F-11D3-BF4B-00C04F79EFBC}") = "TaskApi.Tests", "tests\TaskApi.Tests\TaskApi.Tests.csproj", "{2D6209B3-D240-4D92-80D9-E4ED279360C6}"
EndProject
Project("{2150E333-8FDC-42A3-9474-1A3956D46DE8}") = "src", "src", "{827E0CD3-B72D-47B6-A68D-7590B98EB39B}"
EndProject
Project("{FAE04EC0-301F-11D3-BF4B-00C04F79EFBC}") = "PublicApiFacade", "src\PublicApiFacade\PublicApiFacade.csproj", "{314F754D-937A-4EBA-997D-B2DC8EB385B2}"
EndProject
Project("{2150E333-8FDC-42A3-9474-1A3956D46DE8}") = "samples", "samples", "{5D20AA90-6969-D8BD-9DCD-8634F4692FDA}"
EndProject
Project("{FAE04EC0-301F-11D3-BF4B-00C04F79EFBC}") = "OrdersSample", "samples\OrdersSample\OrdersSample.csproj", "{91571DCD-214E-4D26-A6BB-E6AD7F1A4796}"
EndProject
Project("{2150E333-8FDC-42A3-9474-1A3956D46DE8}") = "tests", "tests", "{0AB3BF05-4346-4AA6-1389-037BE0695223}"
EndProject
Project("{FAE04EC0-301F-11D3-BF4B-00C04F79EFBC}") = "PublicApiFacade.Tests", "tests\PublicApiFacade.Tests\PublicApiFacade.Tests.csproj", "{856DDF43-1EDA-4F10-8E75-1B33969D7236}"
EndProject
Project("{2150E333-8FDC-42A3-9474-1A3956D46DE8}") = "OpenApiFacade", "OpenApiFacade", "{2B91B93D-6D13-C1BA-B0B1-59B0C135ADFD}"
EndProject
Project("{2150E333-8FDC-42A3-9474-1A3956D46DE8}") = "tests", "tests", "{F8E95014-CCF4-3B54-FE55-3B83BEF7B79D}"
EndProject
Project("{FAE04EC0-301F-11D3-BF4B-00C04F79EFBC}") = "OpenApiFacade.Tests", "OpenApiFacade\tests\OpenApiFacade.Tests\OpenApiFacade.Tests.csproj", "{BB6361D2-ABED-4AA8-9692-D6F6AEE1D10D}"
EndProject
Project("{2150E333-8FDC-42A3-9474-1A3956D46DE8}") = "src", "src", "{191920C7-60C7-33FC-94F2-E9E93BA5573E}"
EndProject
Project("{FAE04EC0-301F-11D3-BF4B-00C04F79EFBC}") = "OpenApiFacade", "OpenApiFacade\src\OpenApiFacade\OpenApiFacade.csproj", "{6872F0CD-EEA5-417C-AC30-C3BB3B755AF1}"
EndProject
Global
	GlobalSection(SolutionConfigurationPlatforms) = preSolution
		Debug|Any CPU = Debug|Any CPU
		Debug|x64 = Debug|x64
		Debug|x86 = Debug|x86
		Release|Any CPU = Release|Any CPU
		Release|x64 = Release|x64
		Release|x86 = Release|x86
	EndGlobalSection
	GlobalSection(ProjectConfigurationPlatforms) = postSolution
		{A34FC0B8-11A4-4EBE-82CA-AC89F544359D}.Debug|Any CPU.ActiveCfg = Debug|Any CPU
		{A34FC0B8-11A4-4EBE-82CA-AC89F544359D}.Debug|Any CPU.Build.0 = Debug|Any CPU
		{A34FC0B8-11A4-4EBE-82CA-AC89F544359D}.Debug|x64.ActiveCfg = Debug|Any CPU
		{A34FC0B8-11A4-4EBE-82CA-AC89F544359D}.Debug|x64.Build.0 = Debug|Any CPU
		{A34FC0B8-11A4-4EBE-82CA-AC89F544359D}.Debug|x86.ActiveCfg = Debug|Any CPU
		{A34FC0B8-11A4-4EBE-82CA-AC89F544359D}.Debug|x86.Build.0 = Debug|Any CPU
		{A34FC0B8-11A4-4EBE-82CA-AC89F544359D}.Release|Any CPU.ActiveCfg = Release|Any CPU
		{A34FC0B8-11A4-4EBE-82CA-AC89F544359D}.Release|Any CPU.Build.0 = Release|Any CPU
		{A34FC0B8-11A4-4EBE-82CA-AC89F544359D}.Release|x64.ActiveCfg = Release|Any CPU
		{A34FC0B8-11A4-4EBE-82CA-AC89F544359D}.Release|x64.Build.0 = Release|Any CPU
		{A34FC0B8-11A4-4EBE-82CA-AC89F544359D}.Release|x86.ActiveCfg = Release|Any CPU
		{A34FC0B8-11A4-4EBE-82CA-AC89F544359D}.Release|x86.Build.0 = Release|Any CPU
		{2D6209B3-D240-4D92-80D9-E4ED279360C6}.Debug|Any CPU.ActiveCfg = Debug|Any CPU
		{2D6209B3-D240-4D92-80D9-E4ED279360C6}.Debug|Any CPU.Build.0 = Debug|Any CPU
		{2D6209B3-D240-4D92-80D9-E4ED279360C6}.Debug|x64.ActiveCfg = Debug|Any CPU
		{2D6209B3-D240-4D92-80D9-E4ED279360C6}.Debug|x64.Build.0 = Debug|Any CPU
		{2D6209B3-D240-4D92-80D9-E4ED279360C6}.Debug|x86.ActiveCfg = Debug|Any CPU
		{2D6209B3-D240-4D92-80D9-E4ED279360C6}.Debug|x86.Build.0 = Debug|Any CPU
		{2D6209B3-D240-4D92-80D9-E4ED279360C6}.Release|Any CPU.ActiveCfg = Release|Any CPU
		{2D6209B3-D240-4D92-80D9-E4ED279360C6}.Release|Any CPU.Build.0 = Release|Any CPU
		{2D6209B3-D240-4D92-80D9-E4ED279360C6}.Release|x64.ActiveCfg = Release|Any CPU
		{2D6209B3-D240-4D92-80D9-E4ED279360C6}.Release|x64.Build.0 = Release|Any CPU
		{2D6209B3-D240-4D92-80D9-E4ED279360C6}.Release|x86.ActiveCfg = Release|Any CPU
		{2D6209B3-D240-4D92-80D9-E4ED279360C6}.Release|x86.Build.0 = Release|Any CPU
		{314F754D-937A-4EBA-997D-B2DC8EB385B2}.Debug|Any CPU.ActiveCfg = Debug|Any CPU
		{314F754D-937A-4EBA-997D-B2DC8EB385B2}.Debug|Any CPU.Build.0 = Debug|Any CPU
		{314F754D-937A-4EBA-997D-B2DC8EB385B2}.Debug|x64.ActiveCfg = Debug|Any CPU
		{314F754D-937A-4EBA-997D-B2DC8EB385B2}.Debug|x64.Build.0 = Debug|Any CPU
		{314F754D-937A-4EBA-997D-B2DC8EB385B2}.Debug|x86.ActiveCfg = Debug|Any CPU
		{314F754D-937A-4EBA-997D-B2DC8EB385B2}.Debug|x86.Build.0 = Debug|Any CPU
		{314F754D-937A-4EBA-997D-B2DC8EB385B2}.Release|Any CPU.ActiveCfg = Release|Any CPU
		{314F754D-937A-4EBA-997D-B2DC8EB385B2}.Release|Any CPU.Build.0 = Release|Any CPU
		{314F754D-937A-4EBA-997D-B2DC8EB385B2}.Release|x64.ActiveCfg = Release|Any CPU
		{314F754D-937A-4EBA-997D-B2DC8EB385B2}.Release|x64.Build.0 = Release|Any CPU
		{314F754D-937A-4EBA-997D-B2DC8EB385B2}.Release|x86.ActiveCfg = Release|Any CPU
		{314F754D-937A-4EBA-997D-B2DC8EB385B2}.Release|x86.Build.0 = Release|Any CPU
		{91571DCD-214E-4D26-A6BB-E6AD7F1A4796}.Debug|Any CPU.ActiveCfg = Debug|Any CPU
		{91571DCD-214E-4D26-A6BB-E6AD7F1A4796}.Debug|Any CPU.Build.0 = Debug|Any CPU
		{91571DCD-214E-4D26-A6BB-E6AD7F1A4796}.Debug|x64.ActiveCfg = Debug|Any CPU
		{91571DCD-214E-4D26-A6BB-E6AD7F1A4796}.Debug|x64.Build.0 = Debug|Any CPU
		{91571DCD-214E-4D26-A6BB-E6AD7F1A4796}.Debug|x86.ActiveCfg = Debug|Any CPU
		{91571DCD-214E-4D26-A6BB-E6AD7F1A4796}.Debug|x86.Build.0 = Debug|Any CPU
		{91571DCD-214E-4D26-A6BB-E6AD7F1A4796}.Release|Any CPU.ActiveCfg = Release|Any CPU
		{91571DCD-214E-4D26-A6BB-E6AD7F1A4796}.Release|Any CPU.Build.0 = Release|Any CPU
		{91571DCD-214E-4D26-A6BB-E6AD7F1A4796}.Release|x64.ActiveCfg = Release|Any CPU
		{91571DCD-214E-4D26-A6BB-E6AD7F1A4796}.Release|x64.Build.0 = Release|Any CPU
		{91571DCD-214E-4D26-A6BB-E6AD7F1A4796}.Release|x86.ActiveCfg = Release|Any CPU
		{91571DCD-214E-4D26-A6BB-E6AD7F1A4796}.Release|x86.Build.0 = Release|Any CPU
		{856DDF43-1EDA-4F10-8E75-1B33969D7236}.Debug|Any CPU.ActiveCfg = Debug|Any CPU
		{856DDF43-1EDA-4F10-8E75-1B33969D7236}.Debug|Any CPU.Build.0 = Debug|Any CPU
		{856DDF43-1EDA-4F10-8E75-1B33969D7236}.Debug|x64.ActiveCfg = Debug|Any CPU
		{856DDF43-1EDA-4F10-8E75-1B33969D7236}.Debug|x64.Build.0 = Debug|Any CPU
		{856DDF43-1EDA-4F10-8E75-1B33969D7236}.Debug|x86.ActiveCfg = Debug|Any CPU
		{856DDF43-1EDA-4F10-8E75-1B33969D7236}.Debug|x86.Build.0 = Debug|Any CPU
		{856DDF43-1EDA-4F10-8E75-1B33969D7236}.Release|Any CPU.ActiveCfg = Release|Any CPU
		{856DDF43-1EDA-4F10-8E75-1B33969D7236}.Release|Any CPU.Build.0 = Release|Any CPU
		{856DDF43-1EDA-4F10-8E75-1B33969D7236}.Release|x64.ActiveCfg = Release|Any CPU
		{856DDF43-1EDA-4F10-8E75-1B33969D7236}.Release|x64.Build.0 = Release|Any CPU
		{856DDF43-1EDA-4F10-8E75-1B33969D7236}.Release|x86.ActiveCfg = Release|Any CPU
		{856DDF43-1EDA-4F10-8E75-1B33969D7236}.Release|x86.Build.0 = Release|Any CPU
		{BB6361D2-ABED-4AA8-9692-D6F6AEE1D10D}.Debug|Any CPU.ActiveCfg = Debug|Any CPU
		{BB6361D2-ABED-4AA8-9692-D6F6AEE1D10D}.Debug|Any CPU.Build.0 = Debug|Any CPU
		{BB6361D2-ABED-4AA8-9692-D6F6AEE1D10D}.Debug|x64.ActiveCfg = Debug|Any CPU
		{BB6361D2-ABED-4AA8-9692-D6F6AEE1D10D}.Debug|x64.Build.0 = Debug|Any CPU
		{BB6361D2-ABED-4AA8-9692-D6F6AEE1D10D}.Debug|x86.ActiveCfg = Debug|Any CPU
		{BB6361D2-ABED-4AA8-9692-D6F6AEE1D10D}.Debug|x86.Build.0 = Debug|Any CPU
		{BB6361D2-ABED-4AA8-9692-D6F6AEE1D10D}.Release|Any CPU.ActiveCfg = Release|Any CPU
		{BB6361D2-ABED-4AA8-9692-D6F6AEE1D10D}.Release|Any CPU.Build.0 = Release|Any CPU
		{BB6361D2-ABED-4AA8-9692-D6F6AEE1D10D}.Release|x64.ActiveCfg = Release|Any CPU
		{BB6361D2-ABED-4AA8-9692-D6F6AEE1D10D}.Release|x64.Build.0 = Release|Any CPU
		{BB6361D2-ABED-4AA8-9692-D6F6AEE1D10D}.Release|x86.ActiveCfg = Release|Any CPU
		{BB6361D2-ABED-4AA8-9692-D6F6AEE1D10D}.Release|x86.Build.0 = Release|Any CPU
		{6872F0CD-EEA5-417C-AC30-C3BB3B755AF1}.Debug|Any CPU.ActiveCfg = Debug|Any CPU
		{6872F0CD-EEA5-417C-AC30-C3BB3B755AF1}.Debug|Any CPU.Build.0 = Debug|Any CPU
		{6872F0CD-EEA5-417C-AC30-C3BB3B755AF1}.Debug|x64.ActiveCfg = Debug|Any CPU
		{6872F0CD-EEA5-417C-AC30-C3BB3B755AF1}.Debug|x64.Build.0 = Debug|Any CPU
		{6872F0CD-EEA5-417C-AC30-C3BB3B755AF1}.Debug|x86.ActiveCfg = Debug|Any CPU
		{6872F0CD-EEA5-417C-AC30-C3BB3B755AF1}.Debug|x86.Build.0 = Debug|Any CPU
		{6872F0CD-EEA5-417C-AC30-C3BB3B755AF1}.Release|Any CPU.ActiveCfg = Release|Any CPU
		{6872F0CD-EEA5-417C-AC30-C3BB3B755AF1}.Release|Any CPU.Build.0 = Release|Any CPU
		{6872F0CD-EEA5-417C-AC30-C3BB3B755AF1}.Release|x64.ActiveCfg = Release|Any CPU
		{6872F0CD-EEA5-417C-AC30-C3BB3B755AF1}.Release|x64.Build.0 = Release|Any CPU
		{6872F0CD-EEA5-417C-AC30-C3BB3B755AF1}.Release|x86.ActiveCfg = Release|Any CPU
		{6872F0CD-EEA5-417C-AC30-C3BB3B755AF1}.Release|x86.Build.0 = Release|Any CPU
	EndGlobalSection
	GlobalSection(SolutionProperties) = preSolution
		HideSolutionNode = FALSE
	EndGlobalSection
	GlobalSection(NestedProjects) = preSolution
		{314F754D-937A-4EBA-997D-B2DC8EB385B2} = {827E0CD3-B72D-47B6-A68D-7590B98EB39B}
		{91571DCD-214E-4D26-A6BB-E6AD7F1A4796} = {5D20AA90-6969-D8BD-9DCD-8634F4692FDA}
		{856DDF43-1EDA-4F10-8E75-1B33969D7236} = {0AB3BF05-4346-4AA6-1389-037BE0695223}
		{F8E95014-CCF4-3B54-FE55-3B83BEF7B79D} = {2B91B93D-6D13-C1BA-B0B1-59B0C135ADFD}
		{BB6361D2-ABED-4AA8-9692-D6F6AEE1D10D} = {F8E95014-CCF4-3B54-FE55-3B83BEF7B79D}
		{191920C7-60C7-33FC-94F2-E9E93BA5573E} = {2B91B93D-6D13-C1BA-B0B1-59B0C135ADFD}
		{6872F0CD-EEA5-417C-AC30-C3BB3B755AF1} = {191920C7-60C7-33FC-94F2-E9E93BA5573E}
	EndGlobalSection
EndGlobal
